
Microsoft Visual Studio Solution File, Format Version 12.00
# Visual Studio Version 17
VisualStudioVersion = 17.0.31903.59
MinimumVisualStudioVersion = 10.0.40219.1
Project("{2150E333-8FDC-42A3-9474-1A3956D46DE8}") = "src", "src", "{827E0CD3-B72D-47B6-A68D-7590B98EB39B}"
EndProject
Project("{FAE04EC0-301F-11D3-BF4B-00C04F79EFBC}") = "LinqExercises", "src\LinqExercises\LinqExercises.csproj", "{021D4E66-2D86-4C42-988C-EAD22CA14E48}"
EndProject
Project("{2150E333-8FDC-42A3-9474-1A3956D46DE8}") = "test", "test", "{0C88DD14-F956-CE84-757C-A364CCF449FC}"
EndProject
Project("{FAE04EC0-301F-11D3-BF4B-00C04F79EFBC}") = "LinqExercisesTest", "test\LinqExercisesTest\LinqExercisesTest.csproj", "{F5310327-B806-44BF-9739-99F633BC1D44}"
EndProject
Global
	GlobalSection(SolutionConfigurationPlatforms) = preSolution
		Debug|Any CPU = Debug|Any CPU
		Debug|x64 = Debug|x64
		Debug|x86 = Debug|x86
		Release|Any CPU = Release|Any CPU
		Release|x64 = Release|x64
		Release|x86 = Release|x86
	EndGlobalSection
	GlobalSection(ProjectConfigurationPlatforms) = postSolution
		{021D4E66-2D86-4C42-988C-EAD22CA14E48}.Debug|Any CPU.ActiveCfg = Debug|Any CPU
		{021D4E66-2D86-4C42-988C-EAD22CA14E48}.Debug|Any CPU.Build.0 = Debug|Any CPU
		{021D4E66-2D86-4C42-988C-EAD22CA14E48}.Debug|x64.ActiveCfg = Debug|Any CPU
		{021D4E66-2D86-4C42-988C-EAD22CA14E48}.Debug|x64.Build.0 = Debug|Any CPU
		{021D4E66-2D86-4C42-988C-EAD22CA14E48}.Debug|x86.ActiveCfg = Debug|Any CPU
		{021D4E66-2D86-4C42-988C-EAD22CA14E48}.Debug|x86.Build.0 = Debug|Any CPU
		{021D4E66-2D86-4C42-988C-EAD22CA14E48}.Release|Any CPU.ActiveCfg = Release|Any CPU
		{021D4E66-2D86-4C42-988C-EAD22CA14E48}.Release|Any CPU.Build.0 = Release|Any CPU
		{021D4E66-2D86-4C42-988C-EAD22CA14E48}.Release|x64.ActiveCfg = Release|Any CPU
		{021D4E66-2D86-4C42-988C-EAD22CA14E48}.Release|x64.Build.0 = Release|Any CPU
		{021D4E66-2D86-4C42-988C-EAD22CA14E48}.Release|x86.ActiveCfg = Release|Any CPU
		{021D4E66-2D86-4C42-988C-EAD22CA14E48}.Release|x86.Build.0 = Release|Any CPU
		{F5310327-B806-44BF-9739-99F633BC1D44}.Debug|Any CPU.ActiveCfg = Debug|Any CPU
		{F5310327-B806-44BF-9739-99F633BC1D44}.Debug|Any CPU.Build.0 = Debug|Any CPU
		{F5310327-B806-44BF-9739-99F633BC1D44}.Debug|x64.ActiveCfg = Debug|Any CPU
		{F5310327-B806-44BF-9739-99F633BC1D44}.Debug|x64.Build.0 = Debug|Any CPU
		{F5310327-B806-44BF-9739-99F633BC1D44}.Debug|x86.ActiveCfg = Debug|Any CPU
		{F5310327-B806-44BF-9739-99F633BC1D44}.Debug|x86.Build.0 = Debug|Any CPU
		{F5310327-B806-44BF-9739-99F633BC1D44}.Release|Any CPU.ActiveCfg = Release|Any CPU
		{F5310327-B806-44BF-9739-99F633BC1D44}.Release|Any CPU.Build.0 = Release|Any CPU
		{F5310327-B806-44BF-9739-99F633BC1D44}.Release|x64.ActiveCfg = Release|Any CPU
		{F5310327-B806-44BF-9739-99F633BC1D44}.Release|x64.Build.0 = Release|Any CPU
		{F5310327-B806-44BF-9739-99F633BC1D44}.Release|x86.ActiveCfg = Release|Any CPU
		{F5310327-B806-44BF-9739-99F633BC1D44}.Release|x86.Build.0 = Release|Any CPU
	EndGlobalSection
	GlobalSection(SolutionProperties) = preSolution
		HideSolutionNode = FALSE
	EndGlobalSection
	GlobalSection(NestedProjects) = preSolution
		{021D4E66-2D86-4C42-988C-EAD22CA14E48} = {827E0CD3-B72D-47B6-A68D-7590B98EB39B}
		{F5310327-B806-44BF-9739-99F633BC1D44} = {0C88DD14-F956-CE84-757C-A364CCF449FC}
	EndGlobalSection
EndGlobal
